
Microsoft Visual Studio Solution File, Format Version 12.00
# Visual Studio Version 17
VisualStudioVersion = 17.14.36518.9 d17.14
MinimumVisualStudioVersion = 10.0.40219.1
Project("{FAE04EC0-301F-11D3-BF4B-00C04F79EFBC}") = "PerformanceDashboard", "PerformanceDashboard\PerformanceDashboard.csproj", "{B052BB86-B110-49DD-A05B-F011C1DBD8E0}"
EndProject
Global
	GlobalSection(SolutionConfigurationPlatforms) = preSolution
		Debug|Any CPU = Debug|Any CPU
		Release|Any CPU = Release|Any CPU
	EndGlobalSection
	GlobalSection(ProjectConfigurationPlatforms) = postSolution
		{B052BB86-B110-49DD-A05B-F011C1DBD8E0}.Debug|Any CPU.ActiveCfg = Debug|Any CPU
		{B052BB86-B110-49DD-A05B-F011C1DBD8E0}.Debug|Any CPU.Build.0 = Debug|Any CPU
		{B052BB86-B110-49DD-A05B-F011C1DBD8E0}.Release|Any CPU.ActiveCfg = Release|Any CPU
		{B052BB86-B110-49DD-A05B-F011C1DBD8E0}.Release|Any CPU.Build.0 = Release|Any CPU
	EndGlobalSection
	GlobalSection(SolutionProperties) = preSolution
		HideSolutionNode = FALSE
	EndGlobalSection
	GlobalSection(ExtensibilityGlobals) = postSolution
		SolutionGuid = {5D6D2C94-1848-4167-81B4-CD89A135F3F0}
	EndGlobalSection
EndGlobal
